{
    "_readme": [
        "This file locks the dependencies of your project to a known state",
        "Read more about it at https://getcomposer.org/doc/01-basic-usage.md#composer-lock-the-lock-file",
        "This file is @generated automatically"
    ],
    "content-hash": "7b8a27bfe2043c243aadb4c07991fbb4",
    "packages": [
        {
            "name": "braintree/braintree_php",
            "version": "3.39.0",
            "source": {
                "type": "git",
                "url": "https://github.com/braintree/braintree_php.git",
                "reference": "19c6f50fa9fee1388ea5e7f556457243dc35a145"
            },
            "dist": {
                "type": "zip",
                "url": "https://api.github.com/repos/braintree/braintree_php/zipball/19c6f50fa9fee1388ea5e7f556457243dc35a145",
                "reference": "19c6f50fa9fee1388ea5e7f556457243dc35a145",
                "shasum": ""
            },
            "require": {
                "ext-curl": "*",
                "ext-dom": "*",
                "ext-hash": "*",
                "ext-openssl": "*",
                "ext-xmlwriter": "*",
                "php": ">=5.4.0"
            },
            "require-dev": {
                "phpunit/phpunit": "3.7.*"
            },
            "type": "library",
            "autoload": {
                "psr-0": {
                    "Braintree": "lib/"
                },
                "psr-4": {
                    "Braintree\\": "lib/Braintree"
                }
            },
            "notification-url": "https://packagist.org/downloads/",
            "license": [
                "MIT"
            ],
            "authors": [
                {
                    "name": "Braintree",
                    "homepage": "https://www.braintreepayments.com"
                }
            ],
            "description": "Braintree PHP Client Library",
            "time": "2019-01-24T20:25:28+00:00"
        },
        {
            "name": "paypal/rest-api-sdk-php",
            "version": "1.14.0",
            "source": {
                "type": "git",
                "url": "https://github.com/paypal/PayPal-PHP-SDK.git",
                "reference": "72e2f2466975bf128a31e02b15110180f059fc04"
            },
            "dist": {
                "type": "zip",
                "url": "https://api.github.com/repos/paypal/PayPal-PHP-SDK/zipball/72e2f2466975bf128a31e02b15110180f059fc04",
                "reference": "72e2f2466975bf128a31e02b15110180f059fc04",
                "shasum": ""
            },
            "require": {
                "ext-curl": "*",
                "ext-json": "*",
                "php": ">=5.3.0",
                "psr/log": "^1.0.0"
            },
            "require-dev": {
                "phpunit/phpunit": "^4.8.35"
            },
            "type": "library",
            "autoload": {
                "psr-0": {
                    "PayPal": "lib/"
                }
            },
            "notification-url": "https://packagist.org/downloads/",
            "license": [
                "Apache-2.0"
            ],
            "authors": [
                {
                    "name": "PayPal",
                    "homepage": "https://github.com/paypal/rest-api-sdk-php/contributors"
                }
            ],
            "description": "PayPal's PHP SDK for REST APIs",
            "homepage": "http://paypal.github.io/PayPal-PHP-SDK/",
            "keywords": [
                "payments",
                "paypal",
                "rest",
                "sdk"
            ],
            "time": "2019-01-04T20:04:25+00:00"
        },
        {
            "name": "psr/log",
            "version": "1.1.0",
            "source": {
                "type": "git",
                "url": "https://github.com/php-fig/log.git",
                "reference": "6c001f1daafa3a3ac1d8ff69ee4db8e799a654dd"
            },
            "dist": {
                "type": "zip",
                "url": "https://api.github.com/repos/php-fig/log/zipball/6c001f1daafa3a3ac1d8ff69ee4db8e799a654dd",
                "reference": "6c001f1daafa3a3ac1d8ff69ee4db8e799a654dd",
                "shasum": ""
            },
            "require": {
                "php": ">=5.3.0"
            },
            "type": "library",
            "extra": {
                "branch-alias": {
                    "dev-master": "1.0.x-dev"
                }
            },
            "autoload": {
                "psr-4": {
                    "Psr\\Log\\": "Psr/Log/"
                }
            },
            "notification-url": "https://packagist.org/downloads/",
            "license": [
                "MIT"
            ],
            "authors": [
                {
                    "name": "PHP-FIG",
                    "homepage": "http://www.php-fig.org/"
                }
            ],
            "description": "Common interface for logging libraries",
            "homepage": "https://github.com/php-fig/log",
            "keywords": [
                "log",
                "psr",
                "psr-3"
            ],
            "time": "2018-11-20T15:27:04+00:00"
        },
        {
            "name": "stripe/stripe-php",
            "version": "v6.30.4",
            "source": {
                "type": "git",
                "url": "https://github.com/stripe/stripe-php.git",
                "reference": "0d9e2773b1df27d4f0c590b15bed3a1433e0414c"
            },
            "dist": {
                "type": "zip",
                "url": "https://api.github.com/repos/stripe/stripe-php/zipball/0d9e2773b1df27d4f0c590b15bed3a1433e0414c",
                "reference": "0d9e2773b1df27d4f0c590b15bed3a1433e0414c",
                "shasum": ""
            },
            "require": {
                "ext-curl": "*",
                "ext-json": "*",
                "ext-mbstring": "*",
                "php": ">=5.4.0"
            },
            "require-dev": {
                "php-coveralls/php-coveralls": "1.*",
                "phpunit/phpunit": "~4.0",
                "squizlabs/php_codesniffer": "~2.0",
                "symfony/process": "~2.8"
            },
            "type": "library",
            "extra": {
                "branch-alias": {
                    "dev-master": "2.0-dev"
                }
            },
            "autoload": {
                "psr-4": {
                    "Stripe\\": "lib/"
                }
            },
            "notification-url": "https://packagist.org/downloads/",
            "license": [
                "MIT"
            ],
            "authors": [
                {
                    "name": "Stripe and contributors",
                    "homepage": "https://github.com/stripe/stripe-php/contributors"
                }
            ],
            "description": "Stripe PHP Library",
            "homepage": "https://stripe.com/",
            "keywords": [
                "api",
                "payment processing",
                "stripe"
            ],
            "time": "2019-02-27T18:07:30+00:00"
        }
    ],
    "packages-dev": [],
    "aliases": [],
    "minimum-stability": "stable",
    "stability-flags": [],
    "prefer-stable": false,
    "prefer-lowest": false,
    "platform": [],
    "platform-dev": []
}
